
Microsoft Visual Studio Solution File, Format Version 12.00
# Visual Studio Version 17
VisualStudioVersion = 17.11.35312.102
MinimumVisualStudioVersion = 10.0.40219.1
Project("{FAE04EC0-301F-11D3-BF4B-00C04F79EFBC}") = "PasswordValidationLibrary", "PasswordValidator\PasswordValidationLibrary.csproj", "{84F0D033-3F94-4CBE-81F1-FCAB6FDF9268}"
EndProject
Project("{FAE04EC0-301F-11D3-BF4B-00C04F79EFBC}") = "PasswordValidationTests", "PasswordValidatorTests\PasswordValidationTests.csproj", "{C699F247-90A6-4632-9705-475875BBA753}"
EndProject
Project("{2150E333-8FDC-42A3-9474-1A3956D46DE8}") = ".github", ".github", "{7228EF3C-C496-438F-B605-ED884C087F0D}"
EndProject
Project("{2150E333-8FDC-42A3-9474-1A3956D46DE8}") = "workflows", "workflows", "{D23CED1D-71B8-4761-8F18-CB3D96E81D5F}"
	ProjectSection(SolutionItems) = preProject
		autotests.yml = autotests.yml
	EndProjectSection
EndProject
Global
	GlobalSection(SolutionConfigurationPlatforms) = preSolution
		Debug|Any CPU = Debug|Any CPU
		Release|Any CPU = Release|Any CPU
	EndGlobalSection
	GlobalSection(ProjectConfigurationPlatforms) = postSolution
		{84F0D033-3F94-4CBE-81F1-FCAB6FDF9268}.Debug|Any CPU.ActiveCfg = Debug|Any CPU
		{84F0D033-3F94-4CBE-81F1-FCAB6FDF9268}.Debug|Any CPU.Build.0 = Debug|Any CPU
		{84F0D033-3F94-4CBE-81F1-FCAB6FDF9268}.Release|Any CPU.ActiveCfg = Release|Any CPU
		{84F0D033-3F94-4CBE-81F1-FCAB6FDF9268}.Release|Any CPU.Build.0 = Release|Any CPU
		{C699F247-90A6-4632-9705-475875BBA753}.Debug|Any CPU.ActiveCfg = Debug|Any CPU
		{C699F247-90A6-4632-9705-475875BBA753}.Debug|Any CPU.Build.0 = Debug|Any CPU
		{C699F247-90A6-4632-9705-475875BBA753}.Release|Any CPU.ActiveCfg = Release|Any CPU
		{C699F247-90A6-4632-9705-475875BBA753}.Release|Any CPU.Build.0 = Release|Any CPU
	EndGlobalSection
	GlobalSection(SolutionProperties) = preSolution
		HideSolutionNode = FALSE
	EndGlobalSection
	GlobalSection(NestedProjects) = preSolution
		{D23CED1D-71B8-4761-8F18-CB3D96E81D5F} = {7228EF3C-C496-438F-B605-ED884C087F0D}
	EndGlobalSection
	GlobalSection(ExtensibilityGlobals) = postSolution
		SolutionGuid = {EFA7FF55-9FF7-44D0-9ED5-4D7B9247C57C}
	EndGlobalSection
EndGlobal
